Microsoft Visual Studio Solution File, Format Version 12.00
# Visual Studio 15
VisualStudioVersion = 15.0.26430.14
MinimumVisualStudioVersion = 10.0.40219.1
Project("{FAE04EC0-301F-11D3-BF4B-00C04F79EFBC}") = "APIMATICCalculator.Standard", "APIMATICCalculator.Standard/APIMATICCalculator.Standard.csproj", "{88a0e77f-6a05-43df-8fda-88c78120dc42}"
EndProject
Project("{FAE04EC0-301F-11D3-BF4B-00C04F79EFBC}") = "APIMATICCalculator.Tests", "APIMATICCalculator.Tests/APIMATICCalculator.Tests.csproj", "{f6750b15-a2c5-4526-8e7b-adb2db09215d}"
EndProject
Global
    GlobalSection(SolutionConfigurationPlatforms) = preSolution
        Debug|Any CPU = Debug|Any CPU
        Release|Any CPU = Release|Any CPU
    EndGlobalSection
    GlobalSection(ProjectConfigurationPlatforms) = postSolution
        {88a0e77f-6a05-43df-8fda-88c78120dc42}.Debug|Any CPU.ActiveCfg = Debug|Any CPU
        {88a0e77f-6a05-43df-8fda-88c78120dc42}.Debug|Any CPU.Build.0 = Debug|Any CPU
        {88a0e77f-6a05-43df-8fda-88c78120dc42}.Release|Any CPU.ActiveCfg = Release|Any CPU
        {88a0e77f-6a05-43df-8fda-88c78120dc42}.Release|Any CPU.Build.0 = Release|Any CPU
        {f6750b15-a2c5-4526-8e7b-adb2db09215d}.Debug|Any CPU.ActiveCfg = Debug|Any CPU
        {f6750b15-a2c5-4526-8e7b-adb2db09215d}.Debug|Any CPU.Build.0 = Debug|Any CPU
        {f6750b15-a2c5-4526-8e7b-adb2db09215d}.Release|Any CPU.ActiveCfg = Release|Any CPU
        {f6750b15-a2c5-4526-8e7b-adb2db09215d}.Release|Any CPU.Build.0 = Release|Any CPU
    EndGlobalSection
    GlobalSection(SolutionProperties) = preSolution
        HideSolutionNode = FALSE
    EndGlobalSection
EndGlobal
